// !$*UTF8*$!
{
	archiveVersion = 1;
	classes = {
	};
	objectVersion = 46;
	objects = {

/* Begin PBXBuildFile section */
		131C76DC1956A31400CFA750 /* Foundation.framework in Frameworks */ = {isa = PBXBuildFile; fileRef = 131C76DB1956A31400CFA750 /* Foundation.framework */; };
		131C76DE1956A31400CFA750 /* CoreGraphics.framework in Frameworks */ = {isa = PBXBuildFile; fileRef = 131C76DD1956A31400CFA750 /* CoreGraphics.framework */; };
		131C76E01956A31400CFA750 /* UIKit.framework in Frameworks */ = {isa = PBXBuildFile; fileRef = 131C76DF1956A31400CFA750 /* UIKit.framework */; };
		131C76E61956A31400CFA750 /* InfoPlist.strings in Resources */ = {isa = PBXBuildFile; fileRef = 131C76E41956A31400CFA750 /* InfoPlist.strings */; };
		131C76E81956A31400CFA750 /* main.m in Sources */ = {isa = PBXBuildFile; fileRef = 131C76E71956A31400CFA750 /* main.m */; };
		131C76EC1956A31400CFA750 /* AppDelegate.m in Sources */ = {isa = PBXBuildFile; fileRef = 131C76EB1956A31400CFA750 /* AppDelegate.m */; };
		131C76EE1956A31400CFA750 /* Images.xcassets in Resources */ = {isa = PBXBuildFile; fileRef = 131C76ED1956A31400CFA750 /* Images.xcassets */; };
		131C76F51956A31400CFA750 /* XCTest.framework in Frameworks */ = {isa = PBXBuildFile; fileRef = 131C76F41956A31400CFA750 /* XCTest.framework */; };
		131C76F61956A31400CFA750 /* Foundation.framework in Frameworks */ = {isa = PBXBuildFile; fileRef = 131C76DB1956A31400CFA750 /* Foundation.framework */; };
		131C76F71956A31400CFA750 /* UIKit.framework in Frameworks */ = {isa = PBXBuildFile; fileRef = 131C76DF1956A31400CFA750 /* UIKit.framework */; };
		131C76FF1956A31400CFA750 /* InfoPlist.strings in Resources */ = {isa = PBXBuildFile; fileRef = 131C76FD1956A31400CFA750 /* InfoPlist.strings */; };
		131C77011956A31400CFA750 /* FacebookPostTests.m in Sources */ = {isa = PBXBuildFile; fileRef = 131C77001956A31400CFA750 /* FacebookPostTests.m */; };
		131C770D1956A35000CFA750 /* PostViewController.m in Sources */ = {isa = PBXBuildFile; fileRef = 131C770B1956A35000CFA750 /* PostViewController.m */; };
		131C770E1956A35000CFA750 /* PostViewController.xib in Resources */ = {isa = PBXBuildFile; fileRef = 131C770C1956A35000CFA750 /* PostViewController.xib */; };
/* End PBXBuildFile section */

/* Begin PBXContainerItemProxy section */
		131C76F81956A31400CFA750 /* PBXContainerItemProxy */ = {
			isa = PBXContainerItemProxy;
			containerPortal = 131C76D01956A31400CFA750 /* Project object */;
			proxyType = 1;
			remoteGlobalIDString = 131C76D71956A31400CFA750;
			remoteInfo = FacebookPost;
		};
/* End PBXContainerItemProxy section */

/* Begin PBXFileReference section */
		131C76D81956A31400CFA750 /* FacebookPost.app */ = {isa = PBXFileReference; explicitFileType = wrapper.application; includeInIndex = 0; path = FacebookPost.app; sourceTree = BUILT_PRODUCTS_DIR; };
		131C76DB1956A31400CFA750 /* Foundation.framework */ = {isa = PBXFileReference; lastKnownFileType = wrapper.framework; name = Foundation.framework; path = System/Library/Frameworks/Foundation.framework; sourceTree = SDKROOT; };
		131C76DD1956A31400CFA750 /* CoreGraphics.framework */ = {isa = PBXFileReference; lastKnownFileType = wrapper.framework; name = CoreGraphics.framework; path = System/Library/Frameworks/CoreGraphics.framework; sourceTree = SDKROOT; };
		131C76DF1956A31400CFA750 /* UIKit.framework */ = {isa = PBXFileReference; lastKnownFileType = wrapper.framework; name = UIKit.framework; path = System/Library/Frameworks/UIKit.framework; sourceTree = SDKROOT; };
		131C76E31956A31400CFA750 /* FacebookPost-Info.plist */ = {isa = PBXFileReference; lastKnownFileType = text.plist.xml; path = "FacebookPost-Info.plist"; sourceTree = "<group>"; };
		131C76E51956A31400CFA750 /* en */ = {isa = PBXFileReference; lastKnownFileType = text.plist.strings; name = en; path = en.lproj/InfoPlist.strings; sourceTree = "<group>"; };
		131C76E71956A31400CFA750 /* main.m */ = {isa = PBXFileReference; lastKnownFileType = sourcecode.c.objc; path = main.m; sourceTree = "<group>"; };
		131C76E91956A31400CFA750 /* FacebookPost-Prefix.pch */ = {isa = PBXFileReference; lastKnownFileType = sourcecode.c.h; path = "FacebookPost-Prefix.pch"; sourceTree = "<group>"; };
		131C76EA1956A31400CFA750 /* AppDelegate.h */ = {isa = PBXFileReference; lastKnownFileType = sourcecode.c.h; path = AppDelegate.h; sourceTree = "<group>"; };
		131C76EB1956A31400CFA750 /* AppDelegate.m */ = {isa = PBXFileReference; lastKnownFileType = sourcecode.c.objc; path = AppDelegate.m; sourceTree = "<group>"; };
		131C76ED1956A31400CFA750 /* Images.xcassets */ = {isa = PBXFileReference; lastKnownFileType = folder.assetcatalog; path = Images.xcassets; sourceTree = "<group>"; };
		131C76F31956A31400CFA750 /* FacebookPostTests.xctest */ = {isa = PBXFileReference; explicitFileType = wrapper.cfbundle; includeInIndex = 0; path = FacebookPostTests.xctest; sourceTree = BUILT_PRODUCTS_DIR; };
		131C76F41956A31400CFA750 /* XCTest.framework */ = {isa = PBXFileReference; lastKnownFileType = wrapper.framework; name = XCTest.framework; path = Library/Frameworks/XCTest.framework; sourceTree = DEVELOPER_DIR; };
		131C76FC1956A31400CFA750 /* FacebookPostTests-Info.plist */ = {isa = PBXFileReference; lastKnownFileType = text.plist.xml; path = "FacebookPostTests-Info.plist"; sourceTree = "<group>"; };
		131C76FE1956A31400CFA750 /* en */ = {isa = PBXFileReference; lastKnownFileType = text.plist.strings; name = en; path = en.lproj/InfoPlist.strings; sourceTree = "<group>"; };
		131C77001956A31400CFA750 /* FacebookPostTests.m */ = {isa = PBXFileReference; lastKnownFileType = sourcecode.c.objc; path = FacebookPostTests.m; sourceTree = "<group>"; };
		131C770A1956A35000CFA750 /* PostViewController.h */ = {isa = PBXFileReference; fileEncoding = 4; lastKnownFileType = sourcecode.c.h; path = PostViewController.h; sourceTree = "<group>"; };
		131C770B1956A35000CFA750 /* PostViewController.m */ = {isa = PBXFileReference; fileEncoding = 4; lastKnownFileType = sourcecode.c.objc; path = PostViewController.m; sourceTree = "<group>"; };
		131C770C1956A35000CFA750 /* PostViewController.xib */ = {isa = PBXFileReference; fileEncoding = 4; lastKnownFileType = file.xib; path = PostViewController.xib; sourceTree = "<group>"; };
/* End PBXFileReference section */

/* Begin PBXFrameworksBuildPhase section */
		131C76D51956A31400CFA750 /* Frameworks */ = {
			isa = PBXFrameworksBuildPhase;
			buildActionMask = 2147483647;
			files = (
				131C76DE1956A31400CFA750 /* CoreGraphics.framework in Frameworks */,
				131C76E01956A31400CFA750 /* UIKit.framework in Frameworks */,
				131C76DC1956A31400CFA750 /* Foundation.framework in Frameworks */,
			);
			runOnlyForDeploymentPostprocessing = 0;
		};
		131C76F01956A31400CFA750 /* Frameworks */ = {
			isa = PBXFrameworksBuildPhase;
			buildActionMask = 2147483647;
			files = (
				131C76F51956A31400CFA750 /* XCTest.framework in Frameworks */,
				131C76F71956A31400CFA750 /* UIKit.framework in Frameworks */,
				131C76F61956A31400CFA750 /* Foundation.framework in Frameworks */,
			);
			runOnlyForDeploymentPostprocessing = 0;
		};
/* End PBXFrameworksBuildPhase section */

/* Begin PBXGroup section */
		131C76CF1956A31400CFA750 = {
			isa = PBXGroup;
			children = (
				131C76E11956A31400CFA750 /* FacebookPost */,
				131C76FA1956A31400CFA750 /* FacebookPostTests */,
				131C76DA1956A31400CFA750 /* Frameworks */,
				131C76D91956A31400CFA750 /* Products */,
			);
			sourceTree = "<group>";
		};
		131C76D91956A31400CFA750 /* Products */ = {
			isa = PBXGroup;
			children = (
				131C76D81956A31400CFA750 /* FacebookPost.app */,
				131C76F31956A31400CFA750 /* FacebookPostTests.xctest */,
			);
			name = Products;
			sourceTree = "<group>";
		};
		131C76DA1956A31400CFA750 /* Frameworks */ = {
			isa = PBXGroup;
			children = (
				131C76DB1956A31400CFA750 /* Foundation.framework */,
				131C76DD1956A31400CFA750 /* CoreGraphics.framework */,
				131C76DF1956A31400CFA750 /* UIKit.framework */,
				131C76F41956A31400CFA750 /* XCTest.framework */,
			);
			name = Frameworks;
			sourceTree = "<group>";
		};
		131C76E11956A31400CFA750 /* FacebookPost */ = {
			isa = PBXGroup;
			children = (
				131C76EA1956A31400CFA750 /* AppDelegate.h */,
				131C76EB1956A31400CFA750 /* AppDelegate.m */,
				131C76ED1956A31400CFA750 /* Images.xcassets */,
				131C76E21956A31400CFA750 /* Supporting Files */,
				131C770A1956A35000CFA750 /* PostViewController.h */,
				131C770B1956A35000CFA750 /* PostViewController.m */,
				131C770C1956A35000CFA750 /* PostViewController.xib */,
			);
			path = FacebookPost;
			sourceTree = "<group>";
		};
		131C76E21956A31400CFA750 /* Supporting Files */ = {
			isa = PBXGroup;
			children = (
				131C76E31956A31400CFA750 /* FacebookPost-Info.plist */,
				131C76E41956A31400CFA750 /* InfoPlist.strings */,
				131C76E71956A31400CFA750 /* main.m */,
				131C76E91956A31400CFA750 /* FacebookPost-Prefix.pch */,
			);
			name = "Supporting Files";
			sourceTree = "<group>";
		};
		131C76FA1956A31400CFA750 /* FacebookPostTests */ = {
			isa = PBXGroup;
			children = (
				131C77001956A31400CFA750 /* FacebookPostTests.m */,
				131C76FB1956A31400CFA750 /* Supporting Files */,
			);
			path = FacebookPostTests;
			sourceTree = "<group>";
		};
		131C76FB1956A31400CFA750 /* Supporting Files */ = {
			isa = PBXGroup;
			children = (
				131C76FC1956A31400CFA750 /* FacebookPostTests-Info.plist */,
				131C76FD1956A31400CFA750 /* InfoPlist.strings */,
			);
			name = "Supporting Files";
			sourceTree = "<group>";
		};
/* End PBXGroup section */

/* Begin PBXNativeTarget section */
		131C76D71956A31400CFA750 /* FacebookPost */ = {
			isa = PBXNativeTarget;
			buildConfigurationList = 131C77041956A31400CFA750 /* Build configuration list for PBXNativeTarget "FacebookPost" */;
			buildPhases = (
				131C76D41956A31400CFA750 /* Sources */,
				131C76D51956A31400CFA750 /* Frameworks */,
				131C76D61956A31400CFA750 /* Resources */,
			);
			buildRules = (
			);
			dependencies = (
			);
			name = FacebookPost;
			productName = FacebookPost;
			productReference = 131C76D81956A31400CFA750 /* FacebookPost.app */;
			productType = "com.apple.product-type.application";
		};
		131C76F21956A31400CFA750 /* FacebookPostTests */ = {
			isa = PBXNativeTarget;
			buildConfigurationList = 131C77071956A31400CFA750 /* Build configuration list for PBXNativeTarget "FacebookPostTests" */;
			buildPhases = (
				131C76EF1956A31400CFA750 /* Sources */,
				131C76F01956A31400CFA750 /* Frameworks */,
				131C76F11956A31400CFA750 /* Resources */,
			);
			buildRules = (
			);
			dependencies = (
				131C76F91956A31400CFA750 /* PBXTargetDependency */,
			);
			name = FacebookPostTests;
			productName = FacebookPostTests;
			productReference = 131C76F31956A31400CFA750 /* FacebookPostTests.xctest */;
			productType = "com.apple.product-type.bundle.unit-test";
		};
/* End PBXNativeTarget section */

/* Begin PBXProject section */
		131C76D01956A31400CFA750 /* Project object */ = {
			isa = PBXProject;
			attributes = {
				LastUpgradeCheck = 0510;
				ORGANIZATIONNAME = "___FULLUSERNAME___";
				TargetAttributes = {
					131C76F21956A31400CFA750 = {
						TestTargetID = 131C76D71956A31400CFA750;
					};
				};
			};
			buildConfigurationList = 131C76D31956A31400CFA750 /* Build configuration list for PBXProject "FacebookPost" */;
			compatibilityVersion = "Xcode 3.2";
			developmentRegion = English;
			hasScannedForEncodings = 0;
			knownRegions = (
				en,
			);
			mainGroup = 131C76CF1956A31400CFA750;
			productRefGroup = 131C76D91956A31400CFA750 /* Products */;
			projectDirPath = "";
			projectRoot = "";
			targets = (
				131C76D71956A31400CFA750 /* FacebookPost */,
				131C76F21956A31400CFA750 /* FacebookPostTests */,
			);
		};
/* End PBXProject section */

/* Begin PBXResourcesBuildPhase section */
		131C76D61956A31400CFA750 /* Resources */ = {
			isa = PBXResourcesBuildPhase;
			buildActionMask = 2147483647;
			files = (
				131C76E61956A31400CFA750 /* InfoPlist.strings in Resources */,
				131C76EE1956A31400CFA750 /* Images.xcassets in Resources */,
				131C770E1956A35000CFA750 /* PostViewController.xib in Resources */,
			);
			runOnlyForDeploymentPostprocessing = 0;
		};
		131C76F11956A31400CFA750 /* Resources */ = {
			isa = PBXResourcesBuildPhase;
			buildActionMask = 2147483647;
			files = (
				131C76FF1956A31400CFA750 /* InfoPlist.strings in Resources */,
			);
			runOnlyForDeploymentPostprocessing = 0;
		};
/* End PBXResourcesBuildPhase section */

/* Begin PBXSourcesBuildPhase section */
		131C76D41956A31400CFA750 /* Sources */ = {
			isa = PBXSourcesBuildPhase;
			buildActionMask = 2147483647;
			files = (
				131C76EC1956A31400CFA750 /* AppDelegate.m in Sources */,
				131C76E81956A31400CFA750 /* main.m in Sources */,
				131C770D1956A35000CFA750 /* PostViewController.m in Sources */,
			);
			runOnlyForDeploymentPostprocessing = 0;
		};
		131C76EF1956A31400CFA750 /* Sources */ = {
			isa = PBXSourcesBuildPhase;
			buildActionMask = 2147483647;
			files = (
				131C77011956A31400CFA750 /* FacebookPostTests.m in Sources */,
			);
			runOnlyForDeploymentPostprocessing = 0;
		};
/* End PBXSourcesBuildPhase section */

/* Begin PBXTargetDependency section */
		131C76F91956A31400CFA750 /* PBXTargetDependency */ = {
			isa = PBXTargetDependency;
			target = 131C76D71956A31400CFA750 /* FacebookPost */;
			targetProxy = 131C76F81956A31400CFA750 /* PBXContainerItemProxy */;
		};
/* End PBXTargetDependency section */

/* Begin PBXVariantGroup section */
		131C76E41956A31400CFA750 /* InfoPlist.strings */ = {
			isa = PBXVariantGroup;
			children = (
				131C76E51956A31400CFA750 /* en */,
			);
			name = InfoPlist.strings;
			sourceTree = "<group>";
		};
		131C76FD1956A31400CFA750 /* InfoPlist.strings */ = {
			isa = PBXVariantGroup;
			children = (
				131C76FE1956A31400CFA750 /* en */,
			);
			name = InfoPlist.strings;
			sourceTree = "<group>";
		};
/* End PBXVariantGroup section */

/* Begin XCBuildConfiguration section */
		131C77021956A31400CFA750 /* Debug */ = {
			isa = XCBuildConfiguration;
			buildSettings = {
				ALWAYS_SEARCH_USER_PATHS = NO;
				CLANG_CXX_LANGUAGE_STANDARD = "gnu++0x";
				CLANG_CXX_LIBRARY = "libc++";
				CLANG_ENABLE_MODULES = YES;
				CLANG_ENABLE_OBJC_ARC = YES;
				CLANG_WARN_BOOL_CONVERSION = YES;
				CLANG_WARN_CONSTANT_CONVERSION = YES;
				CLANG_WARN_DIRECT_OBJC_ISA_USAGE = YES_ERROR;
				CLANG_WARN_EMPTY_BODY = YES;
				CLANG_WARN_ENUM_CONVERSION = YES;
				CLANG_WARN_INT_CONVERSION = YES;
				CLANG_WARN_OBJC_ROOT_CLASS = YES_ERROR;
				CLANG_WARN__DUPLICATE_METHOD_MATCH = YES;
				"CODE_SIGN_IDENTITY[sdk=iphoneos*]" = "iPhone Developer";
				COPY_PHASE_STRIP = NO;
				GCC_C_LANGUAGE_STANDARD = gnu99;
				GCC_DYNAMIC_NO_PIC = NO;
				GCC_OPTIMIZATION_LEVEL = 0;
				GCC_PREPROCESSOR_DEFINITIONS = (
					"DEBUG=1",
					"$(inherited)",
				);
				GCC_SYMBOLS_PRIVATE_EXTERN = NO;
				GCC_WARN_64_TO_32_BIT_CONVERSION = YES;
				GCC_WARN_ABOUT_RETURN_TYPE = YES_ERROR;
				GCC_WARN_UNDECLARED_SELECTOR = YES;
				GCC_WARN_UNINITIALIZED_AUTOS = YES_AGGRESSIVE;
				GCC_WARN_UNUSED_FUNCTION = YES;
				GCC_WARN_UNUSED_VARIABLE = YES;
				IPHONEOS_DEPLOYMENT_TARGET = 7.1;
				ONLY_ACTIVE_ARCH = YES;
				SDKROOT = iphoneos;
				TARGETED_DEVICE_FAMILY = "1,2";
			};
			name = Debug;
		};
		131C77031956A31400CFA750 /* Release */ = {
			isa = XCBuildConfiguration;
			buildSettings = {
				ALWAYS_SEARCH_USER_PATHS = NO;
				CLANG_CXX_LANGUAGE_STANDARD = "gnu++0x";
				CLANG_CXX_LIBRARY = "libc++";
				CLANG_ENABLE_MODULES = YES;
				CLANG_ENABLE_OBJC_ARC = YES;
				CLANG_WARN_BOOL_CONVERSION = YES;
				CLANG_WARN_CONSTANT_CONVERSION = YES;
				CLANG_WARN_DIRECT_OBJC_ISA_USAGE = YES_ERROR;
				CLANG_WARN_EMPTY_BODY = YES;
				CLANG_WARN_ENUM_CONVERSION = YES;
				CLANG_WARN_INT_CONVERSION = YES;
				CLANG_WARN_OBJC_ROOT_CLASS = YES_ERROR;
				CLANG_WARN__DUPLICATE_METHOD_MATCH = YES;
				"CODE_SIGN_IDENTITY[sdk=iphoneos*]" = "iPhone Developer";
				COPY_PHASE_STRIP = YES;
				ENABLE_NS_ASSERTIONS = NO;
				GCC_C_LANGUAGE_STANDARD = gnu99;
				GCC_WARN_64_TO_32_BIT_CONVERSION = YES;
				GCC_WARN_ABOUT_RETURN_TYPE = YES_ERROR;
				GCC_WARN_UNDECLARED_SELECTOR = YES;
				GCC_WARN_UNINITIALIZED_AUTOS = YES_AGGRESSIVE;
				GCC_WARN_UNUSED_FUNCTION = YES;
				GCC_WARN_UNUSED_VARIABLE = YES;
				IPHONEOS_DEPLOYMENT_TARGET = 7.1;
				SDKROOT = iphoneos;
				TARGETED_DEVICE_FAMILY = "1,2";
				VALIDATE_PRODUCT = YES;
			};
			name = Release;
		};
		131C77051956A31400CFA750 /* Debug */ = {
			isa = XCBuildConfiguration;
			buildSettings = {
				ASSETCATALOG_COMPILER_APPICON_NAME = AppIcon;
				ASSETCATALOG_COMPILER_LAUNCHIMAGE_NAME = LaunchImage;
				GCC_PRECOMPILE_PREFIX_HEADER = YES;
				GCC_PREFIX_HEADER = "FacebookPost/FacebookPost-Prefix.pch";
				INFOPLIST_FILE = "FacebookPost/FacebookPost-Info.plist";
				PRODUCT_NAME = "$(TARGET_NAME)";
				WRAPPER_EXTENSION = app;
			};
			name = Debug;
		};
		131C77061956A31400CFA750 /* Release */ = {
			isa = XCBuildConfiguration;
			buildSettings = {
				ASSETCATALOG_COMPILER_APPICON_NAME = AppIcon;
				ASSETCATALOG_COMPILER_LAUNCHIMAGE_NAME = LaunchImage;
				GCC_PRECOMPILE_PREFIX_HEADER = YES;
				GCC_PREFIX_HEADER = "FacebookPost/FacebookPost-Prefix.pch";
				INFOPLIST_FILE = "FacebookPost/FacebookPost-Info.plist";
				PRODUCT_NAME = "$(TARGET_NAME)";
				WRAPPER_EXTENSION = app;
			};
			name = Release;
		};
		131C77081956A31400CFA750 /* Debug */ = {
			isa = XCBuildConfiguration;
			buildSettings = {
				BUNDLE_LOADER = "$(BUILT_PRODUCTS_DIR)/FacebookPost.app/FacebookPost";
				FRAMEWORK_SEARCH_PATHS = (
					"$(SDKROOT)/Developer/Library/Frameworks",
					"$(inherited)",
					"$(DEVELOPER_FRAMEWORKS_DIR)",
				);
				GCC_PRECOMPILE_PREFIX_HEADER = YES;
				GCC_PREFIX_HEADER = "FacebookPost/FacebookPost-Prefix.pch";
				GCC_PREPROCESSOR_DEFINITIONS = (
					"DEBUG=1",
					"$(inherited)",
				);
				INFOPLIST_FILE = "FacebookPostTests/FacebookPostTests-Info.plist";
				PRODUCT_NAME = "$(TARGET_NAME)";
				TEST_HOST = "$(BUNDLE_LOADER)";
				WRAPPER_EXTENSION = xctest;
			};
			name = Debug;
		};
		131C77091956A31400CFA750 /* Release */ = {
			isa = XCBuildConfiguration;
			buildSettings = {
				BUNDLE_LOADER = "$(BUILT_PRODUCTS_DIR)/FacebookPost.app/FacebookPost";
				FRAMEWORK_SEARCH_PATHS = (
					"$(SDKROOT)/Developer/Library/Frameworks",
					"$(inherited)",
					"$(DEVELOPER_FRAMEWORKS_DIR)",
				);
				GCC_PRECOMPILE_PREFIX_HEADER = YES;
				GCC_PREFIX_HEADER = "FacebookPost/FacebookPost-Prefix.pch";
				INFOPLIST_FILE = "FacebookPostTests/FacebookPostTests-Info.plist";
				PRODUCT_NAME = "$(TARGET_NAME)";
				TEST_HOST = "$(BUNDLE_LOADER)";
				WRAPPER_EXTENSION = xctest;
			};
			name = Release;
		};
/* End XCBuildConfiguration section */

/* Begin XCConfigurationList section */
		131C76D31956A31400CFA750 /* Build configuration list for PBXProject "FacebookPost" */ = {
			isa = XCConfigurationList;
			buildConfigurations = (
				131C77021956A31400CFA750 /* Debug */,
				131C77031956A31400CFA750 /* Release */,
			);
			defaultConfigurationIsVisible = 0;
			defaultConfigurationName = Release;
		};
		131C77041956A31400CFA750 /* Build configuration list for PBXNativeTarget "FacebookPost" */ = {
			isa = XCConfigurationList;
			buildConfigurations = (
				131C77051956A31400CFA750 /* Debug */,
				131C77061956A31400CFA750 /* Release */,
			);
			defaultConfigurationIsVisible = 0;
		};
		131C77071956A31400CFA750 /* Build configuration list for PBXNativeTarget "FacebookPostTests" */ = {
			isa = XCConfigurationList;
			buildConfigurations = (
				131C77081956A31400CFA750 /* Debug */,
				131C77091956A31400CFA750 /* Release */,
			);
			defaultConfigurationIsVisible = 0;
		};
/* End XCConfigurationList section */
	};
	rootObject = 131C76D01956A31400CFA750 /* Project object */;
}
